// !$*UTF8*$!
{
	archiveVersion = 1;
	classes = {
	};
	objectVersion = 46;
	objects = {

/* Begin PBXBuildFile section */
		AA9EDB7F1B9029040050E1C8 /* main.m in Sources */ = {isa = PBXBuildFile; fileRef = AA9EDB7E1B9029040050E1C8 /* main.m */; };
		AA9EDB821B9029040050E1C8 /* AppDelegate.m in Sources */ = {isa = PBXBuildFile; fileRef = AA9EDB811B9029040050E1C8 /* AppDelegate.m */; };
		AA9EDB851B9029040050E1C8 /* Base.m in Sources */ = {isa = PBXBuildFile; fileRef = AA9EDB841B9029040050E1C8 /* Base.m */; };
		AA9EDB881B9029040050E1C8 /* Main.storyboard in Resources */ = {isa = PBXBuildFile; fileRef = AA9EDB861B9029040050E1C8 /* Main.storyboard */; };
		AA9EDB8A1B9029040050E1C8 /* Images.xcassets in Resources */ = {isa = PBXBuildFile; fileRef = AA9EDB891B9029040050E1C8 /* Images.xcassets */; };
		AA9EDB8D1B9029040050E1C8 /* LaunchScreen.xib in Resources */ = {isa = PBXBuildFile; fileRef = AA9EDB8B1B9029040050E1C8 /* LaunchScreen.xib */; };
		AA9EDB991B9029040050E1C8 /* iosTestTests.m in Sources */ = {isa = PBXBuildFile; fileRef = AA9EDB981B9029040050E1C8 /* iosTestTests.m */; };
		AA9EDBA91B904EFE0050E1C8 /* DataManager.m in Sources */ = {isa = PBXBuildFile; fileRef = AA9EDBA81B904EFE0050E1C8 /* DataManager.m */; };
		AADAB0C21B93EFB100732236 /* CategoryViewController.m in Sources */ = {isa = PBXBuildFile; fileRef = AADAB0C11B93EFB100732236 /* CategoryViewController.m */; };
		AADEE8AE1BA8FEDE00084E1F /* libsqlite3.0.dylib in Frameworks */ = {isa = PBXBuildFile; fileRef = AADEE8AD1BA8FEDE00084E1F /* libsqlite3.0.dylib */; };
		AADEEE0A1B97E45100A20B38 /* DetailViewController.m in Sources */ = {isa = PBXBuildFile; fileRef = AADEEE091B97E45100A20B38 /* DetailViewController.m */; };
		AAE15ADD1BAB9AEB00CF4C80 /* DBManager.m in Sources */ = {isa = PBXBuildFile; fileRef = AAE15ADC1BAB9AEB00CF4C80 /* DBManager.m */; };
		AAE254A91B96BFC70039B405 /* TeamTableViewCell.m in Sources */ = {isa = PBXBuildFile; fileRef = AAE254A81B96BFC70039B405 /* TeamTableViewCell.m */; };
		AAEAC8141BB1156A00EC10BA /* 루니.png in Resources */ = {isa = PBXBuildFile; fileRef = AAEAC80B1BB1156A00EC10BA /* 루니.png */; settings = {ASSET_TAGS = (); }; };
		AAEAC8151BB1156A00EC10BA /* 메시.png in Resources */ = {isa = PBXBuildFile; fileRef = AAEAC80C1BB1156A00EC10BA /* 메시.png */; settings = {ASSET_TAGS = (); }; };
		AAEAC8161BB1156A00EC10BA /* 실바.png in Resources */ = {isa = PBXBuildFile; fileRef = AAEAC80D1BB1156A00EC10BA /* 실바.png */; settings = {ASSET_TAGS = (); }; };
		AAEAC8171BB1156A00EC10BA /* 아자르.png in Resources */ = {isa = PBXBuildFile; fileRef = AAEAC80E1BB1156A00EC10BA /* 아자르.png */; settings = {ASSET_TAGS = (); }; };
		AAEAC8181BB1156A00EC10BA /* 외질.png in Resources */ = {isa = PBXBuildFile; fileRef = AAEAC80F1BB1156A00EC10BA /* 외질.png */; settings = {ASSET_TAGS = (); }; };
		AAEAC8191BB1156A00EC10BA /* 호날두.png in Resources */ = {isa = PBXBuildFile; fileRef = AAEAC8101BB1156A00EC10BA /* 호날두.png */; settings = {ASSET_TAGS = (); }; };
		AAEAC81A1BB1156A00EC10BA /* iv_chealsea.png in Resources */ = {isa = PBXBuildFile; fileRef = AAEAC8111BB1156A00EC10BA /* iv_chealsea.png */; settings = {ASSET_TAGS = (); }; };
		AAEAC81B1BB1156A00EC10BA /* iv_fc_barcelona.png in Resources */ = {isa = PBXBuildFile; fileRef = AAEAC8121BB1156A00EC10BA /* iv_fc_barcelona.png */; settings = {ASSET_TAGS = (); }; };
		AAEAC81C1BB1156A00EC10BA /* iv_manchester_united.png in Resources */ = {isa = PBXBuildFile; fileRef = AAEAC8131BB1156A00EC10BA /* iv_manchester_united.png */; settings = {ASSET_TAGS = (); }; };
		AAEAC81F1BB1165A00EC10BA /* PlayerTableViewCell.m in Sources */ = {isa = PBXBuildFile; fileRef = AAEAC81E1BB1165A00EC10BA /* PlayerTableViewCell.m */; settings = {ASSET_TAGS = (); }; };
/* End PBXBuildFile section */

/* Begin PBXContainerItemProxy section */
		AA9EDB931B9029040050E1C8 /* PBXContainerItemProxy */ = {
			isa = PBXContainerItemProxy;
			containerPortal = AA9EDB711B9029040050E1C8 /* Project object */;
			proxyType = 1;
			remoteGlobalIDString = AA9EDB781B9029040050E1C8;
			remoteInfo = iosTest;
		};
/* End PBXContainerItemProxy section */

/* Begin PBXFileReference section */
		AA9EDB791B9029040050E1C8 /* iosTest.app */ = {isa = PBXFileReference; explicitFileType = wrapper.application; includeInIndex = 0; path = iosTest.app; sourceTree = BUILT_PRODUCTS_DIR; };
		AA9EDB7D1B9029040050E1C8 /* Info.plist */ = {isa = PBXFileReference; lastKnownFileType = text.plist.xml; path = Info.plist; sourceTree = "<group>"; };
		AA9EDB7E1B9029040050E1C8 /* main.m */ = {isa = PBXFileReference; lastKnownFileType = sourcecode.c.objc; path = main.m; sourceTree = "<group>"; };
		AA9EDB801B9029040050E1C8 /* AppDelegate.h */ = {isa = PBXFileReference; lastKnownFileType = sourcecode.c.h; path = AppDelegate.h; sourceTree = "<group>"; };
		AA9EDB811B9029040050E1C8 /* AppDelegate.m */ = {isa = PBXFileReference; lastKnownFileType = sourcecode.c.objc; path = AppDelegate.m; sourceTree = "<group>"; };
		AA9EDB831B9029040050E1C8 /* Base.h */ = {isa = PBXFileReference; lastKnownFileType = sourcecode.c.h; path = Base.h; sourceTree = "<group>"; };
		AA9EDB841B9029040050E1C8 /* Base.m */ = {isa = PBXFileReference; lastKnownFileType = sourcecode.c.objc; path = Base.m; sourceTree = "<group>"; };
		AA9EDB871B9029040050E1C8 /* Base */ = {isa = PBXFileReference; lastKnownFileType = file.storyboard; name = Base; path = Base.lproj/Main.storyboard; sourceTree = "<group>"; };
		AA9EDB891B9029040050E1C8 /* Images.xcassets */ = {isa = PBXFileReference; lastKnownFileType = folder.assetcatalog; path = Images.xcassets; sourceTree = "<group>"; };
		AA9EDB8C1B9029040050E1C8 /* Base */ = {isa = PBXFileReference; lastKnownFileType = file.xib; name = Base; path = Base.lproj/LaunchScreen.xib; sourceTree = "<group>"; };
		AA9EDB921B9029040050E1C8 /* iosTestTests.xctest */ = {isa = PBXFileReference; explicitFileType = wrapper.cfbundle; includeInIndex = 0; path = iosTestTests.xctest; sourceTree = BUILT_PRODUCTS_DIR; };
		AA9EDB971B9029040050E1C8 /* Info.plist */ = {isa = PBXFileReference; lastKnownFileType = text.plist.xml; path = Info.plist; sourceTree = "<group>"; };
		AA9EDB981B9029040050E1C8 /* iosTestTests.m */ = {isa = PBXFileReference; lastKnownFileType = sourcecode.c.objc; path = iosTestTests.m; sourceTree = "<group>"; };
		AA9EDBA71B904EFE0050E1C8 /* DataManager.h */ = {isa = PBXFileReference; fileEncoding = 4; lastKnownFileType = sourcecode.c.h; path = DataManager.h; sourceTree = "<group>"; };
		AA9EDBA81B904EFE0050E1C8 /* DataManager.m */ = {isa = PBXFileReference; fileEncoding = 4; lastKnownFileType = sourcecode.c.objc; path = DataManager.m; sourceTree = "<group>"; };
		AADAB0C01B93EFB100732236 /* CategoryViewController.h */ = {isa = PBXFileReference; fileEncoding = 4; lastKnownFileType = sourcecode.c.h; path = CategoryViewController.h; sourceTree = "<group>"; };
		AADAB0C11B93EFB100732236 /* CategoryViewController.m */ = {isa = PBXFileReference; fileEncoding = 4; lastKnownFileType = sourcecode.c.objc; path = CategoryViewController.m; sourceTree = "<group>"; };
		AADEE8AD1BA8FEDE00084E1F /* libsqlite3.0.dylib */ = {isa = PBXFileReference; lastKnownFileType = "compiled.mach-o.dylib"; name = libsqlite3.0.dylib; path = usr/lib/libsqlite3.0.dylib; sourceTree = SDKROOT; };
		AADEEE081B97E45100A20B38 /* DetailViewController.h */ = {isa = PBXFileReference; fileEncoding = 4; lastKnownFileType = sourcecode.c.h; path = DetailViewController.h; sourceTree = "<group>"; };
		AADEEE091B97E45100A20B38 /* DetailViewController.m */ = {isa = PBXFileReference; fileEncoding = 4; lastKnownFileType = sourcecode.c.objc; path = DetailViewController.m; sourceTree = "<group>"; };
		AAE15ADB1BAB9AEB00CF4C80 /* DBManager.h */ = {isa = PBXFileReference; fileEncoding = 4; lastKnownFileType = sourcecode.c.h; path = DBManager.h; sourceTree = "<group>"; };
		AAE15ADC1BAB9AEB00CF4C80 /* DBManager.m */ = {isa = PBXFileReference; fileEncoding = 4; lastKnownFileType = sourcecode.c.objc; path = DBManager.m; sourceTree = "<group>"; };
		AAE254A71B96BFC70039B405 /* TeamTableViewCell.h */ = {isa = PBXFileReference; fileEncoding = 4; lastKnownFileType = sourcecode.c.h; path = TeamTableViewCell.h; sourceTree = "<group>"; };
		AAE254A81B96BFC70039B405 /* TeamTableViewCell.m */ = {isa = PBXFileReference; fileEncoding = 4; lastKnownFileType = sourcecode.c.objc; path = TeamTableViewCell.m; sourceTree = "<group>"; };
		AAEAC80B1BB1156A00EC10BA /* 루니.png */ = {isa = PBXFileReference; lastKnownFileType = image.png; name = "루니.png"; path = "images/루니.png"; sourceTree = "<group>"; };
		AAEAC80C1BB1156A00EC10BA /* 메시.png */ = {isa = PBXFileReference; lastKnownFileType = image.png; name = "메시.png"; path = "images/메시.png"; sourceTree = "<group>"; };
		AAEAC80D1BB1156A00EC10BA /* 실바.png */ = {isa = PBXFileReference; lastKnownFileType = image.png; name = "실바.png"; path = "images/실바.png"; sourceTree = "<group>"; };
		AAEAC80E1BB1156A00EC10BA /* 아자르.png */ = {isa = PBXFileReference; lastKnownFileType = image.png; name = "아자르.png"; path = "images/아자르.png"; sourceTree = "<group>"; };
		AAEAC80F1BB1156A00EC10BA /* 외질.png */ = {isa = PBXFileReference; lastKnownFileType = image.png; name = "외질.png"; path = "images/외질.png"; sourceTree = "<group>"; };
		AAEAC8101BB1156A00EC10BA /* 호날두.png */ = {isa = PBXFileReference; lastKnownFileType = image.png; name = "호날두.png"; path = "images/호날두.png"; sourceTree = "<group>"; };
		AAEAC8111BB1156A00EC10BA /* iv_chealsea.png */ = {isa = PBXFileReference; lastKnownFileType = image.png; name = iv_chealsea.png; path = images/iv_chealsea.png; sourceTree = "<group>"; };
		AAEAC8121BB1156A00EC10BA /* iv_fc_barcelona.png */ = {isa = PBXFileReference; lastKnownFileType = image.png; name = iv_fc_barcelona.png; path = images/iv_fc_barcelona.png; sourceTree = "<group>"; };
		AAEAC8131BB1156A00EC10BA /* iv_manchester_united.png */ = {isa = PBXFileReference; lastKnownFileType = image.png; name = iv_manchester_united.png; path = images/iv_manchester_united.png; sourceTree = "<group>"; };
		AAEAC81D1BB1165A00EC10BA /* PlayerTableViewCell.h */ = {isa = PBXFileReference; fileEncoding = 4; lastKnownFileType = sourcecode.c.h; path = PlayerTableViewCell.h; sourceTree = "<group>"; };
		AAEAC81E1BB1165A00EC10BA /* PlayerTableViewCell.m */ = {isa = PBXFileReference; fileEncoding = 4; lastKnownFileType = sourcecode.c.objc; path = PlayerTableViewCell.m; sourceTree = "<group>"; };
/* End PBXFileReference section */

/* Begin PBXFrameworksBuildPhase section */
		AA9EDB761B9029040050E1C8 /* Frameworks */ = {
			isa = PBXFrameworksBuildPhase;
			buildActionMask = 2147483647;
			files = (
				AADEE8AE1BA8FEDE00084E1F /* libsqlite3.0.dylib in Frameworks */,
			);
			runOnlyForDeploymentPostprocessing = 0;
		};
		AA9EDB8F1B9029040050E1C8 /* Frameworks */ = {
			isa = PBXFrameworksBuildPhase;
			buildActionMask = 2147483647;
			files = (
			);
			runOnlyForDeploymentPostprocessing = 0;
		};
/* End PBXFrameworksBuildPhase section */

/* Begin PBXGroup section */
		AA9EDB701B9029040050E1C8 = {
			isa = PBXGroup;
			children = (
				AADEE8AD1BA8FEDE00084E1F /* libsqlite3.0.dylib */,
				AADEEE011B97DE7A00A20B38 /* New Group */,
				AA9EDB951B9029040050E1C8 /* iosTestTests */,
				AA9EDB7A1B9029040050E1C8 /* Products */,
			);
			sourceTree = "<group>";
		};
		AA9EDB7A1B9029040050E1C8 /* Products */ = {
			isa = PBXGroup;
			children = (
				AA9EDB791B9029040050E1C8 /* iosTest.app */,
				AA9EDB921B9029040050E1C8 /* iosTestTests.xctest */,
			);
			name = Products;
			sourceTree = "<group>";
		};
		AA9EDB7B1B9029040050E1C8 /* iosTest */ = {
			isa = PBXGroup;
			children = (
				AAEAC80A1BB1155500EC10BA /* images */,
				AAE254A61B96BF8D0039B405 /* TableViewCell */,
				AA9EDBA61B904A490050E1C8 /* Controller */,
				AA9EDBA51B904A2C0050E1C8 /* Manager */,
				AA9EDB801B9029040050E1C8 /* AppDelegate.h */,
				AA9EDB811B9029040050E1C8 /* AppDelegate.m */,
				AA9EDB861B9029040050E1C8 /* Main.storyboard */,
				AA9EDB891B9029040050E1C8 /* Images.xcassets */,
				AA9EDB8B1B9029040050E1C8 /* LaunchScreen.xib */,
				AA9EDB7C1B9029040050E1C8 /* Supporting Files */,
			);
			path = iosTest;
			sourceTree = "<group>";
		};
		AA9EDB7C1B9029040050E1C8 /* Supporting Files */ = {
			isa = PBXGroup;
			children = (
				AA9EDB7D1B9029040050E1C8 /* Info.plist */,
				AA9EDB7E1B9029040050E1C8 /* main.m */,
			);
			name = "Supporting Files";
			sourceTree = "<group>";
		};
		AA9EDB951B9029040050E1C8 /* iosTestTests */ = {
			isa = PBXGroup;
			children = (
				AA9EDB981B9029040050E1C8 /* iosTestTests.m */,
				AA9EDB961B9029040050E1C8 /* Supporting Files */,
			);
			path = iosTestTests;
			sourceTree = "<group>";
		};
		AA9EDB961B9029040050E1C8 /* Supporting Files */ = {
			isa = PBXGroup;
			children = (
				AA9EDB971B9029040050E1C8 /* Info.plist */,
			);
			name = "Supporting Files";
			sourceTree = "<group>";
		};
		AA9EDBA51B904A2C0050E1C8 /* Manager */ = {
			isa = PBXGroup;
			children = (
				AA9EDBA71B904EFE0050E1C8 /* DataManager.h */,
				AA9EDBA81B904EFE0050E1C8 /* DataManager.m */,
				AAE15ADB1BAB9AEB00CF4C80 /* DBManager.h */,
				AAE15ADC1BAB9AEB00CF4C80 /* DBManager.m */,
			);
			name = Manager;
			sourceTree = "<group>";
		};
		AA9EDBA61B904A490050E1C8 /* Controller */ = {
			isa = PBXGroup;
			children = (
				AA9EDB831B9029040050E1C8 /* Base.h */,
				AA9EDB841B9029040050E1C8 /* Base.m */,
				AADAB0C01B93EFB100732236 /* CategoryViewController.h */,
				AADAB0C11B93EFB100732236 /* CategoryViewController.m */,
				AADEEE081B97E45100A20B38 /* DetailViewController.h */,
				AADEEE091B97E45100A20B38 /* DetailViewController.m */,
			);
			name = Controller;
			sourceTree = "<group>";
		};
		AADEEE011B97DE7A00A20B38 /* New Group */ = {
			isa = PBXGroup;
			children = (
				AA9EDB7B1B9029040050E1C8 /* iosTest */,
			);
			name = "New Group";
			sourceTree = "<group>";
		};
		AAE254A61B96BF8D0039B405 /* TableViewCell */ = {
			isa = PBXGroup;
			children = (
				AAEAC81D1BB1165A00EC10BA /* PlayerTableViewCell.h */,
				AAEAC81E1BB1165A00EC10BA /* PlayerTableViewCell.m */,
				AAE254A71B96BFC70039B405 /* TeamTableViewCell.h */,
				AAE254A81B96BFC70039B405 /* TeamTableViewCell.m */,
			);
			name = TableViewCell;
			sourceTree = "<group>";
		};
		AAEAC80A1BB1155500EC10BA /* images */ = {
			isa = PBXGroup;
			children = (
				AAEAC80B1BB1156A00EC10BA /* 루니.png */,
				AAEAC80C1BB1156A00EC10BA /* 메시.png */,
				AAEAC80D1BB1156A00EC10BA /* 실바.png */,
				AAEAC80E1BB1156A00EC10BA /* 아자르.png */,
				AAEAC80F1BB1156A00EC10BA /* 외질.png */,
				AAEAC8101BB1156A00EC10BA /* 호날두.png */,
				AAEAC8111BB1156A00EC10BA /* iv_chealsea.png */,
				AAEAC8121BB1156A00EC10BA /* iv_fc_barcelona.png */,
				AAEAC8131BB1156A00EC10BA /* iv_manchester_united.png */,
			);
			name = images;
			sourceTree = "<group>";
		};
/* End PBXGroup section */

/* Begin PBXNativeTarget section */
		AA9EDB781B9029040050E1C8 /* iosTest */ = {
			isa = PBXNativeTarget;
			buildConfigurationList = AA9EDB9C1B9029040050E1C8 /* Build configuration list for PBXNativeTarget "iosTest" */;
			buildPhases = (
				AA9EDB751B9029040050E1C8 /* Sources */,
				AA9EDB761B9029040050E1C8 /* Frameworks */,
				AA9EDB771B9029040050E1C8 /* Resources */,
			);
			buildRules = (
			);
			dependencies = (
			);
			name = iosTest;
			productName = iosTest;
			productReference = AA9EDB791B9029040050E1C8 /* iosTest.app */;
			productType = "com.apple.product-type.application";
		};
		AA9EDB911B9029040050E1C8 /* iosTestTests */ = {
			isa = PBXNativeTarget;
			buildConfigurationList = AA9EDB9F1B9029040050E1C8 /* Build configuration list for PBXNativeTarget "iosTestTests" */;
			buildPhases = (
				AA9EDB8E1B9029040050E1C8 /* Sources */,
				AA9EDB8F1B9029040050E1C8 /* Frameworks */,
				AA9EDB901B9029040050E1C8 /* Resources */,
			);
			buildRules = (
			);
			dependencies = (
				AA9EDB941B9029040050E1C8 /* PBXTargetDependency */,
			);
			name = iosTestTests;
			productName = iosTestTests;
			productReference = AA9EDB921B9029040050E1C8 /* iosTestTests.xctest */;
			productType = "com.apple.product-type.bundle.unit-test";
		};
/* End PBXNativeTarget section */

/* Begin PBXProject section */
		AA9EDB711B9029040050E1C8 /* Project object */ = {
			isa = PBXProject;
			attributes = {
				LastUpgradeCheck = 0640;
				ORGANIZATIONNAME = udong;
				TargetAttributes = {
					AA9EDB781B9029040050E1C8 = {
						CreatedOnToolsVersion = 6.4;
					};
					AA9EDB911B9029040050E1C8 = {
						CreatedOnToolsVersion = 6.4;
						TestTargetID = AA9EDB781B9029040050E1C8;
					};
				};
			};
			buildConfigurationList = AA9EDB741B9029040050E1C8 /* Build configuration list for PBXProject "iosTest" */;
			compatibilityVersion = "Xcode 3.2";
			developmentRegion = English;
			hasScannedForEncodings = 0;
			knownRegions = (
				en,
				Base,
			);
			mainGroup = AA9EDB701B9029040050E1C8;
			productRefGroup = AA9EDB7A1B9029040050E1C8 /* Products */;
			projectDirPath = "";
			projectRoot = "";
			targets = (
				AA9EDB781B9029040050E1C8 /* iosTest */,
				AA9EDB911B9029040050E1C8 /* iosTestTests */,
			);
		};
/* End PBXProject section */

/* Begin PBXResourcesBuildPhase section */
		AA9EDB771B9029040050E1C8 /* Resources */ = {
			isa = PBXResourcesBuildPhase;
			buildActionMask = 2147483647;
			files = (
				AA9EDB881B9029040050E1C8 /* Main.storyboard in Resources */,
				AAEAC8141BB1156A00EC10BA /* 루니.png in Resources */,
				AAEAC8151BB1156A00EC10BA /* 메시.png in Resources */,
				AAEAC8181BB1156A00EC10BA /* 외질.png in Resources */,
				AAEAC81A1BB1156A00EC10BA /* iv_chealsea.png in Resources */,
				AAEAC8191BB1156A00EC10BA /* 호날두.png in Resources */,
				AAEAC8161BB1156A00EC10BA /* 실바.png in Resources */,
				AAEAC81C1BB1156A00EC10BA /* iv_manchester_united.png in Resources */,
				AA9EDB8D1B9029040050E1C8 /* LaunchScreen.xib in Resources */,
				AAEAC8171BB1156A00EC10BA /* 아자르.png in Resources */,
				AA9EDB8A1B9029040050E1C8 /* Images.xcassets in Resources */,
				AAEAC81B1BB1156A00EC10BA /* iv_fc_barcelona.png in Resources */,
			);
			runOnlyForDeploymentPostprocessing = 0;
		};
		AA9EDB901B9029040050E1C8 /* Resources */ = {
			isa = PBXResourcesBuildPhase;
			buildActionMask = 2147483647;
			files = (
			);
			runOnlyForDeploymentPostprocessing = 0;
		};
/* End PBXResourcesBuildPhase section */

/* Begin PBXSourcesBuildPhase section */
		AA9EDB751B9029040050E1C8 /* Sources */ = {
			isa = PBXSourcesBuildPhase;
			buildActionMask = 2147483647;
			files = (
				AA9EDBA91B904EFE0050E1C8 /* DataManager.m in Sources */,
				AA9EDB851B9029040050E1C8 /* Base.m in Sources */,
				AAE15ADD1BAB9AEB00CF4C80 /* DBManager.m in Sources */,
				AADEEE0A1B97E45100A20B38 /* DetailViewController.m in Sources */,
				AAE254A91B96BFC70039B405 /* TeamTableViewCell.m in Sources */,
				AA9EDB821B9029040050E1C8 /* AppDelegate.m in Sources */,
				AADAB0C21B93EFB100732236 /* CategoryViewController.m in Sources */,
				AA9EDB7F1B9029040050E1C8 /* main.m in Sources */,
				AAEAC81F1BB1165A00EC10BA /* PlayerTableViewCell.m in Sources */,
			);
			runOnlyForDeploymentPostprocessing = 0;
		};
		AA9EDB8E1B9029040050E1C8 /* Sources */ = {
			isa = PBXSourcesBuildPhase;
			buildActionMask = 2147483647;
			files = (
				AA9EDB991B9029040050E1C8 /* iosTestTests.m in Sources */,
			);
			runOnlyForDeploymentPostprocessing = 0;
		};
/* End PBXSourcesBuildPhase section */

/* Begin PBXTargetDependency section */
		AA9EDB941B9029040050E1C8 /* PBXTargetDependency */ = {
			isa = PBXTargetDependency;
			target = AA9EDB781B9029040050E1C8 /* iosTest */;
			targetProxy = AA9EDB931B9029040050E1C8 /* PBXContainerItemProxy */;
		};
/* End PBXTargetDependency section */

/* Begin PBXVariantGroup section */
		AA9EDB861B9029040050E1C8 /* Main.storyboard */ = {
			isa = PBXVariantGroup;
			children = (
				AA9EDB871B9029040050E1C8 /* Base */,
			);
			name = Main.storyboard;
			sourceTree = "<group>";
		};
		AA9EDB8B1B9029040050E1C8 /* LaunchScreen.xib */ = {
			isa = PBXVariantGroup;
			children = (
				AA9EDB8C1B9029040050E1C8 /* Base */,
			);
			name = LaunchScreen.xib;
			sourceTree = "<group>";
		};
/* End PBXVariantGroup section */

/* Begin XCBuildConfiguration section */
		AA9EDB9A1B9029040050E1C8 /* Debug */ = {
			isa = XCBuildConfiguration;
			buildSettings = {
				ALWAYS_SEARCH_USER_PATHS = NO;
				CLANG_CXX_LANGUAGE_STANDARD = "gnu++0x";
				CLANG_CXX_LIBRARY = "libc++";
				CLANG_ENABLE_MODULES = YES;
				CLANG_ENABLE_OBJC_ARC = YES;
				CLANG_WARN_BOOL_CONVERSION = YES;
				CLANG_WARN_CONSTANT_CONVERSION = YES;
				CLANG_WARN_DIRECT_OBJC_ISA_USAGE = YES_ERROR;
				CLANG_WARN_EMPTY_BODY = YES;
				CLANG_WARN_ENUM_CONVERSION = YES;
				CLANG_WARN_INT_CONVERSION = YES;
				CLANG_WARN_OBJC_ROOT_CLASS = YES_ERROR;
				CLANG_WARN_UNREACHABLE_CODE = YES;
				CLANG_WARN__DUPLICATE_METHOD_MATCH = YES;
				"CODE_SIGN_IDENTITY[sdk=iphoneos*]" = "iPhone Developer";
				COPY_PHASE_STRIP = NO;
				DEBUG_INFORMATION_FORMAT = "dwarf-with-dsym";
				ENABLE_STRICT_OBJC_MSGSEND = YES;
				GCC_C_LANGUAGE_STANDARD = gnu99;
				GCC_DYNAMIC_NO_PIC = NO;
				GCC_NO_COMMON_BLOCKS = YES;
				GCC_OPTIMIZATION_LEVEL = 0;
				GCC_PREPROCESSOR_DEFINITIONS = (
					"DEBUG=1",
					"$(inherited)",
				);
				GCC_SYMBOLS_PRIVATE_EXTERN = NO;
				GCC_WARN_64_TO_32_BIT_CONVERSION = YES;
				GCC_WARN_ABOUT_RETURN_TYPE = YES_ERROR;
				GCC_WARN_UNDECLARED_SELECTOR = YES;
				GCC_WARN_UNINITIALIZED_AUTOS = YES_AGGRESSIVE;
				GCC_WARN_UNUSED_FUNCTION = YES;
				GCC_WARN_UNUSED_VARIABLE = YES;
				IPHONEOS_DEPLOYMENT_TARGET = 8.4;
				MTL_ENABLE_DEBUG_INFO = YES;
				ONLY_ACTIVE_ARCH = YES;
				SDKROOT = iphoneos;
				TARGETED_DEVICE_FAMILY = "1,2";
			};
			name = Debug;
		};
		AA9EDB9B1B9029040050E1C8 /* Release */ = {
			isa = XCBuildConfiguration;
			buildSettings = {
				ALWAYS_SEARCH_USER_PATHS = NO;
				CLANG_CXX_LANGUAGE_STANDARD = "gnu++0x";
				CLANG_CXX_LIBRARY = "libc++";
				CLANG_ENABLE_MODULES = YES;
				CLANG_ENABLE_OBJC_ARC = YES;
				CLANG_WARN_BOOL_CONVERSION = YES;
				CLANG_WARN_CONSTANT_CONVERSION = YES;
				CLANG_WARN_DIRECT_OBJC_ISA_USAGE = YES_ERROR;
				CLANG_WARN_EMPTY_BODY = YES;
				CLANG_WARN_ENUM_CONVERSION = YES;
				CLANG_WARN_INT_CONVERSION = YES;
				CLANG_WARN_OBJC_ROOT_CLASS = YES_ERROR;
				CLANG_WARN_UNREACHABLE_CODE = YES;
				CLANG_WARN__DUPLICATE_METHOD_MATCH = YES;
				"CODE_SIGN_IDENTITY[sdk=iphoneos*]" = "iPhone Developer";
				COPY_PHASE_STRIP = NO;
				DEBUG_INFORMATION_FORMAT = "dwarf-with-dsym";
				ENABLE_NS_ASSERTIONS = NO;
				ENABLE_STRICT_OBJC_MSGSEND = YES;
				GCC_C_LANGUAGE_STANDARD = gnu99;
				GCC_NO_COMMON_BLOCKS = YES;
				GCC_WARN_64_TO_32_BIT_CONVERSION = YES;
				GCC_WARN_ABOUT_RETURN_TYPE = YES_ERROR;
				GCC_WARN_UNDECLARED_SELECTOR = YES;
				GCC_WARN_UNINITIALIZED_AUTOS = YES_AGGRESSIVE;
				GCC_WARN_UNUSED_FUNCTION = YES;
				GCC_WARN_UNUSED_VARIABLE = YES;
				IPHONEOS_DEPLOYMENT_TARGET = 8.4;
				MTL_ENABLE_DEBUG_INFO = NO;
				SDKROOT = iphoneos;
				TARGETED_DEVICE_FAMILY = "1,2";
				VALIDATE_PRODUCT = YES;
			};
			name = Release;
		};
		AA9EDB9D1B9029040050E1C8 /* Debug */ = {
			isa = XCBuildConfiguration;
			buildSettings = {
				ASSETCATALOG_COMPILER_APPICON_NAME = AppIcon;
				CLANG_ENABLE_OBJC_ARC = NO;
				INFOPLIST_FILE = iosTest/Info.plist;
				IPHONEOS_DEPLOYMENT_TARGET = 8.0;
				LD_RUNPATH_SEARCH_PATHS = "$(inherited) @executable_path/Frameworks";
				PRODUCT_NAME = "$(TARGET_NAME)";
			};
			name = Debug;
		};
		AA9EDB9E1B9029040050E1C8 /* Release */ = {
			isa = XCBuildConfiguration;
			buildSettings = {
				ASSETCATALOG_COMPILER_APPICON_NAME = AppIcon;
				CLANG_ENABLE_OBJC_ARC = NO;
				INFOPLIST_FILE = iosTest/Info.plist;
				IPHONEOS_DEPLOYMENT_TARGET = 8.0;
				LD_RUNPATH_SEARCH_PATHS = "$(inherited) @executable_path/Frameworks";
				PRODUCT_NAME = "$(TARGET_NAME)";
			};
			name = Release;
		};
		AA9EDBA01B9029040050E1C8 /* Debug */ = {
			isa = XCBuildConfiguration;
			buildSettings = {
				BUNDLE_LOADER = "$(TEST_HOST)";
				FRAMEWORK_SEARCH_PATHS = (
					"$(SDKROOT)/Developer/Library/Frameworks",
					"$(inherited)",
				);
				GCC_PREPROCESSOR_DEFINITIONS = (
					"DEBUG=1",
					"$(inherited)",
				);
				INFOPLIST_FILE = iosTestTests/Info.plist;
				LD_RUNPATH_SEARCH_PATHS = "$(inherited) @executable_path/Frameworks @loader_path/Frameworks";
				PRODUCT_NAME = "$(TARGET_NAME)";
				TEST_HOST = "$(BUILT_PRODUCTS_DIR)/iosTest.app/iosTest";
			};
			name = Debug;
		};
		AA9EDBA11B9029040050E1C8 /* Release */ = {
			isa = XCBuildConfiguration;
			buildSettings = {
				BUNDLE_LOADER = "$(TEST_HOST)";
				FRAMEWORK_SEARCH_PATHS = (
					"$(SDKROOT)/Developer/Library/Frameworks",
					"$(inherited)",
				);
				INFOPLIST_FILE = iosTestTests/Info.plist;
				LD_RUNPATH_SEARCH_PATHS = "$(inherited) @executable_path/Frameworks @loader_path/Frameworks";
				PRODUCT_NAME = "$(TARGET_NAME)";
				TEST_HOST = "$(BUILT_PRODUCTS_DIR)/iosTest.app/iosTest";
			};
			name = Release;
		};
/* End XCBuildConfiguration section */

/* Begin XCConfigurationList section */
		AA9EDB741B9029040050E1C8 /* Build configuration list for PBXProject "iosTest" */ = {
			isa = XCConfigurationList;
			buildConfigurations = (
				AA9EDB9A1B9029040050E1C8 /* Debug */,
				AA9EDB9B1B9029040050E1C8 /* Release */,
			);
			defaultConfigurationIsVisible = 0;
			defaultConfigurationName = Release;
		};
		AA9EDB9C1B9029040050E1C8 /* Build configuration list for PBXNativeTarget "iosTest" */ = {
			isa = XCConfigurationList;
			buildConfigurations = (
				AA9EDB9D1B9029040050E1C8 /* Debug */,
				AA9EDB9E1B9029040050E1C8 /* Release */,
			);
			defaultConfigurationIsVisible = 0;
			defaultConfigurationName = Release;
		};
		AA9EDB9F1B9029040050E1C8 /* Build configuration list for PBXNativeTarget "iosTestTests" */ = {
			isa = XCConfigurationList;
			buildConfigurations = (
				AA9EDBA01B9029040050E1C8 /* Debug */,
				AA9EDBA11B9029040050E1C8 /* Release */,
			);
			defaultConfigurationIsVisible = 0;
			defaultConfigurationName = Release;
		};
/* End XCConfigurationList section */
	};
	rootObject = AA9EDB711B9029040050E1C8 /* Project object */;
}
